// !$*UTF8*$!
{
	archiveVersion = 1;
	classes = {
	};
	objectVersion = 46;
	objects = {

/* Begin PBXBuildFile section */
		6D23C8741945806600925CBE /* AppDelegate.swift in Sources */ = {isa = PBXBuildFile; fileRef = 6D23C8731945806600925CBE /* AppDelegate.swift */; };
		6D23C8761945806600925CBE /* RootVC.swift in Sources */ = {isa = PBXBuildFile; fileRef = 6D23C8751945806600925CBE /* RootVC.swift */; };
		6D23C8791945806600925CBE /* Main.storyboard in Resources */ = {isa = PBXBuildFile; fileRef = 6D23C8771945806600925CBE /* Main.storyboard */; };
		6D23C87B1945806600925CBE /* Images.xcassets in Resources */ = {isa = PBXBuildFile; fileRef = 6D23C87A1945806600925CBE /* Images.xcassets */; };
		6D23C8871945806600925CBE /* AdaptivePopoverTests.swift in Sources */ = {isa = PBXBuildFile; fileRef = 6D23C8861945806600925CBE /* AdaptivePopoverTests.swift */; };
		6D2949271945835500F882F9 /* SchoolListTC.swift in Sources */ = {isa = PBXBuildFile; fileRef = 6D2949261945835500F882F9 /* SchoolListTC.swift */; };
		6DB21AA21945B49D00413CA9 /* ScreenShot_iPad.png in Resources */ = {isa = PBXBuildFile; fileRef = 6DB21AA01945B49D00413CA9 /* ScreenShot_iPad.png */; };
		6DB21AA31945B49D00413CA9 /* ScreenShot_iPhone.png in Resources */ = {isa = PBXBuildFile; fileRef = 6DB21AA11945B49D00413CA9 /* ScreenShot_iPhone.png */; };
/* End PBXBuildFile section */

/* Begin PBXContainerItemProxy section */
		6D23C8811945806600925CBE /* PBXContainerItemProxy */ = {
			isa = PBXContainerItemProxy;
			containerPortal = 6D23C8661945806600925CBE /* Project object */;
			proxyType = 1;
			remoteGlobalIDString = 6D23C86D1945806600925CBE;
			remoteInfo = AdaptivePopover;
		};
/* End PBXContainerItemProxy section */

/* Begin PBXFileReference section */
		6D23C86E1945806600925CBE /* AdaptivePopover.app */ = {isa = PBXFileReference; explicitFileType = wrapper.application; includeInIndex = 0; path = AdaptivePopover.app; sourceTree = BUILT_PRODUCTS_DIR; };
		6D23C8721945806600925CBE /* Info.plist */ = {isa = PBXFileReference; lastKnownFileType = text.plist.xml; path = Info.plist; sourceTree = "<group>"; };
		6D23C8731945806600925CBE /* AppDelegate.swift */ = {isa = PBXFileReference; lastKnownFileType = sourcecode.swift; path = AppDelegate.swift; sourceTree = "<group>"; };
		6D23C8751945806600925CBE /* RootVC.swift */ = {isa = PBXFileReference; lastKnownFileType = sourcecode.swift; path = RootVC.swift; sourceTree = "<group>"; };
		6D23C8781945806600925CBE /* Base */ = {isa = PBXFileReference; lastKnownFileType = file.storyboard; name = Base; path = Base.lproj/Main.storyboard; sourceTree = "<group>"; };
		6D23C87A1945806600925CBE /* Images.xcassets */ = {isa = PBXFileReference; lastKnownFileType = folder.assetcatalog; path = Images.xcassets; sourceTree = "<group>"; };
		6D23C8801945806600925CBE /* AdaptivePopoverTests.xctest */ = {isa = PBXFileReference; explicitFileType = wrapper.cfbundle; includeInIndex = 0; path = AdaptivePopoverTests.xctest; sourceTree = BUILT_PRODUCTS_DIR; };
		6D23C8851945806600925CBE /* Info.plist */ = {isa = PBXFileReference; lastKnownFileType = text.plist.xml; path = Info.plist; sourceTree = "<group>"; };
		6D23C8861945806600925CBE /* AdaptivePopoverTests.swift */ = {isa = PBXFileReference; lastKnownFileType = sourcecode.swift; path = AdaptivePopoverTests.swift; sourceTree = "<group>"; };
		6D2949261945835500F882F9 /* SchoolListTC.swift */ = {isa = PBXFileReference; fileEncoding = 4; lastKnownFileType = sourcecode.swift; path = SchoolListTC.swift; sourceTree = "<group>"; };
		6DB21AA01945B49D00413CA9 /* ScreenShot_iPad.png */ = {isa = PBXFileReference; lastKnownFileType = image.png; path = ScreenShot_iPad.png; sourceTree = "<group>"; };
		6DB21AA11945B49D00413CA9 /* ScreenShot_iPhone.png */ = {isa = PBXFileReference; lastKnownFileType = image.png; path = ScreenShot_iPhone.png; sourceTree = "<group>"; };
/* End PBXFileReference section */

/* Begin PBXFrameworksBuildPhase section */
		6D23C86B1945806600925CBE /* Frameworks */ = {
			isa = PBXFrameworksBuildPhase;
			buildActionMask = 2147483647;
			files = (
			);
			runOnlyForDeploymentPostprocessing = 0;
		};
		6D23C87D1945806600925CBE /* Frameworks */ = {
			isa = PBXFrameworksBuildPhase;
			buildActionMask = 2147483647;
			files = (
			);
			runOnlyForDeploymentPostprocessing = 0;
		};
/* End PBXFrameworksBuildPhase section */

/* Begin PBXGroup section */
		6D23C8651945806600925CBE = {
			isa = PBXGroup;
			children = (
				6DB21AA01945B49D00413CA9 /* ScreenShot_iPad.png */,
				6DB21AA11945B49D00413CA9 /* ScreenShot_iPhone.png */,
				6D23C8701945806600925CBE /* AdaptivePopover */,
				6D23C8831945806600925CBE /* AdaptivePopoverTests */,
				6D23C86F1945806600925CBE /* Products */,
			);
			sourceTree = "<group>";
		};
		6D23C86F1945806600925CBE /* Products */ = {
			isa = PBXGroup;
			children = (
				6D23C86E1945806600925CBE /* AdaptivePopover.app */,
				6D23C8801945806600925CBE /* AdaptivePopoverTests.xctest */,
			);
			name = Products;
			sourceTree = "<group>";
		};
		6D23C8701945806600925CBE /* AdaptivePopover */ = {
			isa = PBXGroup;
			children = (
				6D23C8731945806600925CBE /* AppDelegate.swift */,
				6D23C8751945806600925CBE /* RootVC.swift */,
				6D2949261945835500F882F9 /* SchoolListTC.swift */,
				6D23C8771945806600925CBE /* Main.storyboard */,
				6D23C87A1945806600925CBE /* Images.xcassets */,
				6D23C8711945806600925CBE /* Supporting Files */,
			);
			path = AdaptivePopover;
			sourceTree = "<group>";
		};
		6D23C8711945806600925CBE /* Supporting Files */ = {
			isa = PBXGroup;
			children = (
				6D23C8721945806600925CBE /* Info.plist */,
			);
			name = "Supporting Files";
			sourceTree = "<group>";
		};
		6D23C8831945806600925CBE /* AdaptivePopoverTests */ = {
			isa = PBXGroup;
			children = (
				6D23C8861945806600925CBE /* AdaptivePopoverTests.swift */,
				6D23C8841945806600925CBE /* Supporting Files */,
			);
			path = AdaptivePopoverTests;
			sourceTree = "<group>";
		};
		6D23C8841945806600925CBE /* Supporting Files */ = {
			isa = PBXGroup;
			children = (
				6D23C8851945806600925CBE /* Info.plist */,
			);
			name = "Supporting Files";
			sourceTree = "<group>";
		};
/* End PBXGroup section */

/* Begin PBXNativeTarget section */
		6D23C86D1945806600925CBE /* AdaptivePopover */ = {
			isa = PBXNativeTarget;
			buildConfigurationList = 6D23C88A1945806600925CBE /* Build configuration list for PBXNativeTarget "AdaptivePopover" */;
			buildPhases = (
				6D23C86A1945806600925CBE /* Sources */,
				6D23C86B1945806600925CBE /* Frameworks */,
				6D23C86C1945806600925CBE /* Resources */,
			);
			buildRules = (
			);
			dependencies = (
			);
			name = AdaptivePopover;
			productName = AdaptivePopover;
			productReference = 6D23C86E1945806600925CBE /* AdaptivePopover.app */;
			productType = "com.apple.product-type.application";
		};
		6D23C87F1945806600925CBE /* AdaptivePopoverTests */ = {
			isa = PBXNativeTarget;
			buildConfigurationList = 6D23C88D1945806600925CBE /* Build configuration list for PBXNativeTarget "AdaptivePopoverTests" */;
			buildPhases = (
				6D23C87C1945806600925CBE /* Sources */,
				6D23C87D1945806600925CBE /* Frameworks */,
				6D23C87E1945806600925CBE /* Resources */,
			);
			buildRules = (
			);
			dependencies = (
				6D23C8821945806600925CBE /* PBXTargetDependency */,
			);
			name = AdaptivePopoverTests;
			productName = AdaptivePopoverTests;
			productReference = 6D23C8801945806600925CBE /* AdaptivePopoverTests.xctest */;
			productType = "com.apple.product-type.bundle.unit-test";
		};
/* End PBXNativeTarget section */

/* Begin PBXProject section */
		6D23C8661945806600925CBE /* Project object */ = {
			isa = PBXProject;
			attributes = {
				LastUpgradeCheck = 0600;
				ORGANIZATIONNAME = "Cao Jiannan";
				TargetAttributes = {
					6D23C86D1945806600925CBE = {
						CreatedOnToolsVersion = 6.0;
					};
					6D23C87F1945806600925CBE = {
						CreatedOnToolsVersion = 6.0;
						TestTargetID = 6D23C86D1945806600925CBE;
					};
				};
			};
			buildConfigurationList = 6D23C8691945806600925CBE /* Build configuration list for PBXProject "AdaptivePopover" */;
			compatibilityVersion = "Xcode 3.2";
			developmentRegion = English;
			hasScannedForEncodings = 0;
			knownRegions = (
				en,
				Base,
			);
			mainGroup = 6D23C8651945806600925CBE;
			productRefGroup = 6D23C86F1945806600925CBE /* Products */;
			projectDirPath = "";
			projectRoot = "";
			targets = (
				6D23C86D1945806600925CBE /* AdaptivePopover */,
				6D23C87F1945806600925CBE /* AdaptivePopoverTests */,
			);
		};
/* End PBXProject section */

/* Begin PBXResourcesBuildPhase section */
		6D23C86C1945806600925CBE /* Resources */ = {
			isa = PBXResourcesBuildPhase;
			buildActionMask = 2147483647;
			files = (
				6DB21AA31945B49D00413CA9 /* ScreenShot_iPhone.png in Resources */,
				6DB21AA21945B49D00413CA9 /* ScreenShot_iPad.png in Resources */,
				6D23C8791945806600925CBE /* Main.storyboard in Resources */,
				6D23C87B1945806600925CBE /* Images.xcassets in Resources */,
			);
			runOnlyForDeploymentPostprocessing = 0;
		};
		6D23C87E1945806600925CBE /* Resources */ = {
			isa = PBXResourcesBuildPhase;
			buildActionMask = 2147483647;
			files = (
			);
			runOnlyForDeploymentPostprocessing = 0;
		};
/* End PBXResourcesBuildPhase section */

/* Begin PBXSourcesBuildPhase section */
		6D23C86A1945806600925CBE /* Sources */ = {
			isa = PBXSourcesBuildPhase;
			buildActionMask = 2147483647;
			files = (
				6D23C8761945806600925CBE /* RootVC.swift in Sources */,
				6D2949271945835500F882F9 /* SchoolListTC.swift in Sources */,
				6D23C8741945806600925CBE /* AppDelegate.swift in Sources */,
			);
			runOnlyForDeploymentPostprocessing = 0;
		};
		6D23C87C1945806600925CBE /* Sources */ = {
			isa = PBXSourcesBuildPhase;
			buildActionMask = 2147483647;
			files = (
				6D23C8871945806600925CBE /* AdaptivePopoverTests.swift in Sources */,
			);
			runOnlyForDeploymentPostprocessing = 0;
		};
/* End PBXSourcesBuildPhase section */

/* Begin PBXTargetDependency section */
		6D23C8821945806600925CBE /* PBXTargetDependency */ = {
			isa = PBXTargetDependency;
			target = 6D23C86D1945806600925CBE /* AdaptivePopover */;
			targetProxy = 6D23C8811945806600925CBE /* PBXContainerItemProxy */;
		};
/* End PBXTargetDependency section */

/* Begin PBXVariantGroup section */
		6D23C8771945806600925CBE /* Main.storyboard */ = {
			isa = PBXVariantGroup;
			children = (
				6D23C8781945806600925CBE /* Base */,
			);
			name = Main.storyboard;
			sourceTree = "<group>";
		};
/* End PBXVariantGroup section */

/* Begin XCBuildConfiguration section */
		6D23C8881945806600925CBE /* Debug */ = {
			isa = XCBuildConfiguration;
			buildSettings = {
				ALWAYS_SEARCH_USER_PATHS = NO;
				CLANG_CXX_LANGUAGE_STANDARD = "gnu++0x";
				CLANG_CXX_LIBRARY = "libc++";
				CLANG_ENABLE_MODULES = YES;
				CLANG_ENABLE_OBJC_ARC = YES;
				CLANG_WARN_BOOL_CONVERSION = YES;
				CLANG_WARN_CONSTANT_CONVERSION = YES;
				CLANG_WARN_DIRECT_OBJC_ISA_USAGE = YES_ERROR;
				CLANG_WARN_EMPTY_BODY = YES;
				CLANG_WARN_ENUM_CONVERSION = YES;
				CLANG_WARN_INT_CONVERSION = YES;
				CLANG_WARN_OBJC_ROOT_CLASS = YES_ERROR;
				CLANG_WARN_UNREACHABLE_CODE = YES;
				CLANG_WARN__DUPLICATE_METHOD_MATCH = YES;
				"CODE_SIGN_IDENTITY[sdk=iphoneos*]" = "iPhone Developer";
				COPY_PHASE_STRIP = NO;
				ENABLE_STRICT_OBJC_MSGSEND = YES;
				GCC_C_LANGUAGE_STANDARD = gnu99;
				GCC_DYNAMIC_NO_PIC = NO;
				GCC_OPTIMIZATION_LEVEL = 0;
				GCC_PREPROCESSOR_DEFINITIONS = (
					"DEBUG=1",
					"$(inherited)",
				);
				GCC_SYMBOLS_PRIVATE_EXTERN = NO;
				GCC_WARN_64_TO_32_BIT_CONVERSION = YES;
				GCC_WARN_ABOUT_RETURN_TYPE = YES_ERROR;
				GCC_WARN_UNDECLARED_SELECTOR = YES;
				GCC_WARN_UNINITIALIZED_AUTOS = YES_AGGRESSIVE;
				GCC_WARN_UNUSED_FUNCTION = YES;
				GCC_WARN_UNUSED_VARIABLE = YES;
				IPHONEOS_DEPLOYMENT_TARGET = 8.0;
				METAL_ENABLE_DEBUG_INFO = YES;
				ONLY_ACTIVE_ARCH = YES;
				SDKROOT = iphoneos;
				SWIFT_OPTIMIZATION_LEVEL = "-Onone";
				TARGETED_DEVICE_FAMILY = "1,2";
			};
			name = Debug;
		};
		6D23C8891945806600925CBE /* Release */ = {
			isa = XCBuildConfiguration;
			buildSettings = {
				ALWAYS_SEARCH_USER_PATHS = NO;
				CLANG_CXX_LANGUAGE_STANDARD = "gnu++0x";
				CLANG_CXX_LIBRARY = "libc++";
				CLANG_ENABLE_MODULES = YES;
				CLANG_ENABLE_OBJC_ARC = YES;
				CLANG_WARN_BOOL_CONVERSION = YES;
				CLANG_WARN_CONSTANT_CONVERSION = YES;
				CLANG_WARN_DIRECT_OBJC_ISA_USAGE = YES_ERROR;
				CLANG_WARN_EMPTY_BODY = YES;
				CLANG_WARN_ENUM_CONVERSION = YES;
				CLANG_WARN_INT_CONVERSION = YES;
				CLANG_WARN_OBJC_ROOT_CLASS = YES_ERROR;
				CLANG_WARN_UNREACHABLE_CODE = YES;
				CLANG_WARN__DUPLICATE_METHOD_MATCH = YES;
				"CODE_SIGN_IDENTITY[sdk=iphoneos*]" = "iPhone Developer";
				COPY_PHASE_STRIP = YES;
				ENABLE_NS_ASSERTIONS = NO;
				ENABLE_STRICT_OBJC_MSGSEND = YES;
				GCC_C_LANGUAGE_STANDARD = gnu99;
				GCC_WARN_64_TO_32_BIT_CONVERSION = YES;
				GCC_WARN_ABOUT_RETURN_TYPE = YES_ERROR;
				GCC_WARN_UNDECLARED_SELECTOR = YES;
				GCC_WARN_UNINITIALIZED_AUTOS = YES_AGGRESSIVE;
				GCC_WARN_UNUSED_FUNCTION = YES;
				GCC_WARN_UNUSED_VARIABLE = YES;
				IPHONEOS_DEPLOYMENT_TARGET = 8.0;
				METAL_ENABLE_DEBUG_INFO = NO;
				SDKROOT = iphoneos;
				TARGETED_DEVICE_FAMILY = "1,2";
				VALIDATE_PRODUCT = YES;
			};
			name = Release;
		};
		6D23C88B1945806600925CBE /* Debug */ = {
			isa = XCBuildConfiguration;
			buildSettings = {
				ASSETCATALOG_COMPILER_APPICON_NAME = AppIcon;
				ASSETCATALOG_COMPILER_LAUNCHIMAGE_NAME = LaunchImage;
				INFOPLIST_FILE = AdaptivePopover/Info.plist;
				LD_RUNPATH_SEARCH_PATHS = "$(inherited) @executable_path/Frameworks";
				PRODUCT_NAME = "$(TARGET_NAME)";
			};
			name = Debug;
		};
		6D23C88C1945806600925CBE /* Release */ = {
			isa = XCBuildConfiguration;
			buildSettings = {
				ASSETCATALOG_COMPILER_APPICON_NAME = AppIcon;
				ASSETCATALOG_COMPILER_LAUNCHIMAGE_NAME = LaunchImage;
				INFOPLIST_FILE = AdaptivePopover/Info.plist;
				LD_RUNPATH_SEARCH_PATHS = "$(inherited) @executable_path/Frameworks";
				PRODUCT_NAME = "$(TARGET_NAME)";
			};
			name = Release;
		};
		6D23C88E1945806600925CBE /* Debug */ = {
			isa = XCBuildConfiguration;
			buildSettings = {
				BUNDLE_LOADER = "$(BUILT_PRODUCTS_DIR)/AdaptivePopover.app/AdaptivePopover";
				FRAMEWORK_SEARCH_PATHS = (
					"$(SDKROOT)/Developer/Library/Frameworks",
					"$(inherited)",
				);
				GCC_PREPROCESSOR_DEFINITIONS = (
					"DEBUG=1",
					"$(inherited)",
				);
				INFOPLIST_FILE = AdaptivePopoverTests/Info.plist;
				LD_RUNPATH_SEARCH_PATHS = "$(inherited) @executable_path/Frameworks @loader_path/Frameworks";
				METAL_ENABLE_DEBUG_INFO = YES;
				PRODUCT_NAME = "$(TARGET_NAME)";
				TEST_HOST = "$(BUNDLE_LOADER)";
			};
			name = Debug;
		};
		6D23C88F1945806600925CBE /* Release */ = {
			isa = XCBuildConfiguration;
			buildSettings = {
				BUNDLE_LOADER = "$(BUILT_PRODUCTS_DIR)/AdaptivePopover.app/AdaptivePopover";
				FRAMEWORK_SEARCH_PATHS = (
					"$(SDKROOT)/Developer/Library/Frameworks",
					"$(inherited)",
				);
				INFOPLIST_FILE = AdaptivePopoverTests/Info.plist;
				LD_RUNPATH_SEARCH_PATHS = "$(inherited) @executable_path/Frameworks @loader_path/Frameworks";
				METAL_ENABLE_DEBUG_INFO = NO;
				PRODUCT_NAME = "$(TARGET_NAME)";
				TEST_HOST = "$(BUNDLE_LOADER)";
			};
			name = Release;
		};
/* End XCBuildConfiguration section */

/* Begin XCConfigurationList section */
		6D23C8691945806600925CBE /* Build configuration list for PBXProject "AdaptivePopover" */ = {
			isa = XCConfigurationList;
			buildConfigurations = (
				6D23C8881945806600925CBE /* Debug */,
				6D23C8891945806600925CBE /* Release */,
			);
			defaultConfigurationIsVisible = 0;
			defaultConfigurationName = Release;
		};
		6D23C88A1945806600925CBE /* Build configuration list for PBXNativeTarget "AdaptivePopover" */ = {
			isa = XCConfigurationList;
			buildConfigurations = (
				6D23C88B1945806600925CBE /* Debug */,
				6D23C88C1945806600925CBE /* Release */,
			);
			defaultConfigurationIsVisible = 0;
			defaultConfigurationName = Release;
		};
		6D23C88D1945806600925CBE /* Build configuration list for PBXNativeTarget "AdaptivePopoverTests" */ = {
			isa = XCConfigurationList;
			buildConfigurations = (
				6D23C88E1945806600925CBE /* Debug */,
				6D23C88F1945806600925CBE /* Release */,
			);
			defaultConfigurationIsVisible = 0;
			defaultConfigurationName = Release;
		};
/* End XCConfigurationList section */
	};
	rootObject = 6D23C8661945806600925CBE /* Project object */;
}
